{
  "name": "outlawdesigns.io.accesslogparser",
  "version": "1.0.0",
  "lockfileVersion": 2,
  "requires": true,
  "packages": {
    "": {
      "name": "outlawdesigns.io.accesslogparser",
      "version": "1.0.0",
      "license": "ISC",
      "dependencies": {
        "parse-user-agent": "^1.1.1"
      }
    },
    "node_modules/parse-user-agent": {
      "version": "1.1.1",
      "resolved": "https://registry.npmjs.org/parse-user-agent/-/parse-user-agent-1.1.1.tgz",
      "integrity": "sha512-FKjHLtYa1lRE+Ozx8Cyhbsy0E7QQnoQl3hg5raQX2ooM8UFALXcHGQNHDGLFJ8u/0gBzFoPKYc59BLpPayZwTg=="
    }
  },
  "dependencies": {
    "parse-user-agent": {
      "version": "1.1.1",
      "resolved": "https://registry.npmjs.org/parse-user-agent/-/parse-user-agent-1.1.1.tgz",
      "integrity": "sha512-FKjHLtYa1lRE+Ozx8Cyhbsy0E7QQnoQl3hg5raQX2ooM8UFALXcHGQNHDGLFJ8u/0gBzFoPKYc59BLpPayZwTg=="
    }
  }
}
